# DE10-Lite project settings and pin assignments.
# Pin locations come from the Terasic DE10-Lite golden top-level file; only the
# pins this design actually uses are assigned.

set_global_assignment -name FAMILY "MAX 10"
set_global_assignment -name DEVICE 10M50DAF484C7G
set_global_assignment -name TOP_LEVEL_ENTITY top
set_global_assignment -name PROJECT_OUTPUT_DIRECTORY output_files

# MAX 10 stores its configuration in internal flash.
set_global_assignment -name INTERNAL_FLASH_UPDATE_MODE "SINGLE IMAGE WITH ERAM"

# Packages must be compiled before the modules that import them.
set_global_assignment -name SYSTEMVERILOG_FILE ../rtl/rv32i_pkg.sv
set_global_assignment -name SYSTEMVERILOG_FILE ../rtl/alu.sv
set_global_assignment -name SYSTEMVERILOG_FILE top.sv

# Leave unused pins safe rather than driving them.
set_global_assignment -name RESERVE_ALL_UNUSED_PINS "AS INPUT TRI-STATED"

# ---------------------------------------------------------------- slide switches
set_location_assignment PIN_C10 -to SW[0]
set_location_assignment PIN_C11 -to SW[1]
set_location_assignment PIN_D12 -to SW[2]
set_location_assignment PIN_C12 -to SW[3]
set_location_assignment PIN_A12 -to SW[4]
set_location_assignment PIN_B12 -to SW[5]
set_location_assignment PIN_A13 -to SW[6]
set_location_assignment PIN_A14 -to SW[7]
set_location_assignment PIN_B14 -to SW[8]
set_location_assignment PIN_F15 -to SW[9]

# --------------------------------------------------------------------- red LEDs
set_location_assignment PIN_A8  -to LEDR[0]
set_location_assignment PIN_A9  -to LEDR[1]
set_location_assignment PIN_A10 -to LEDR[2]
set_location_assignment PIN_B10 -to LEDR[3]
set_location_assignment PIN_D13 -to LEDR[4]
set_location_assignment PIN_C13 -to LEDR[5]
set_location_assignment PIN_E14 -to LEDR[6]
set_location_assignment PIN_D14 -to LEDR[7]
set_location_assignment PIN_A11 -to LEDR[8]
set_location_assignment PIN_B11 -to LEDR[9]

# ------------------------------------------------------------- 7-segment HEX0/1
set_location_assignment PIN_C14 -to HEX0[0]
set_location_assignment PIN_E15 -to HEX0[1]
set_location_assignment PIN_C15 -to HEX0[2]
set_location_assignment PIN_C16 -to HEX0[3]
set_location_assignment PIN_E16 -to HEX0[4]
set_location_assignment PIN_D17 -to HEX0[5]
set_location_assignment PIN_C17 -to HEX0[6]
set_location_assignment PIN_D15 -to HEX0[7]

set_location_assignment PIN_C18 -to HEX1[0]
set_location_assignment PIN_D18 -to HEX1[1]
set_location_assignment PIN_E18 -to HEX1[2]
set_location_assignment PIN_B16 -to HEX1[3]
set_location_assignment PIN_A17 -to HEX1[4]
set_location_assignment PIN_A18 -to HEX1[5]
set_location_assignment PIN_B17 -to HEX1[6]
set_location_assignment PIN_A16 -to HEX1[7]

# The DE10-Lite banks used above all run at 3.3 V.
set_instance_assignment -name IO_STANDARD "3.3-V LVTTL" -to SW
set_instance_assignment -name IO_STANDARD "3.3-V LVTTL" -to LEDR
set_instance_assignment -name IO_STANDARD "3.3-V LVTTL" -to HEX0
set_instance_assignment -name IO_STANDARD "3.3-V LVTTL" -to HEX1

set_global_assignment -name LAST_QUARTUS_VERSION "25.1std.0 Lite Edition"
set_global_assignment -name RESERVE_ALL_UNUSED_PINS_NO_OUTPUT_GND "AS INPUT TRI-STATED"
set_global_assignment -name PARTITION_NETLIST_TYPE SOURCE -section_id Top
set_global_assignment -name PARTITION_FITTER_PRESERVATION_LEVEL PLACEMENT_AND_ROUTING -section_id Top
set_global_assignment -name PARTITION_COLOR 16764057 -section_id Top
set_instance_assignment -name PARTITION_HIERARCHY root_partition -to | -section_id Top